
Microsoft Visual Studio Solution File, Format Version 12.00
Project("{FAE04EC0-301F-11D3-BF4B-00C04F79EFBC}") = "Enum.ConsoleApp", "Enum.ConsoleApp\Enum.ConsoleApp.csproj", "{157944AF-885F-4FDD-9EDC-E6077735648E}"
EndProject
Global
	GlobalSection(SolutionConfigurationPlatforms) = preSolution
		Debug|Any CPU = Debug|Any CPU
		Release|Any CPU = Release|Any CPU
	EndGlobalSection
	GlobalSection(ProjectConfigurationPlatforms) = postSolution
		{157944AF-885F-4FDD-9EDC-E6077735648E}.Debug|Any CPU.ActiveCfg = Debug|Any CPU
		{157944AF-885F-4FDD-9EDC-E6077735648E}.Debug|Any CPU.Build.0 = Debug|Any CPU
		{157944AF-885F-4FDD-9EDC-E6077735648E}.Release|Any CPU.ActiveCfg = Release|Any CPU
		{157944AF-885F-4FDD-9EDC-E6077735648E}.Release|Any CPU.Build.0 = Release|Any CPU
	EndGlobalSection
EndGlobal
